
Microsoft Visual Studio Solution File, Format Version 12.00
# Visual Studio Version 18
VisualStudioVersion = 18.3.11408.92 d18.3
MinimumVisualStudioVersion = 10.0.40219.1
Project("{2150E333-8FDC-42A3-9474-1A3956D46DE8}") = "Examples", "Examples", "{6CA40C0F-7403-483B-973E-AFB6FA50D087}"
EndProject
Project("{9A19103F-16F7-4668-BE54-9A1E7A4F7556}") = "RonSijm.Blazyload", "src\RonSijm.Blazyload\RonSijm.Blazyload.csproj", "{A4A2E154-DE8E-4302-95C5-DDE2510DB53A}"
EndProject
Project("{9A19103F-16F7-4668-BE54-9A1E7A4F7556}") = "RonSijm.Demo.Blazyload.WeatherLib1", "Examples\RonSijm.Demo.Blazyload.WeatherLib1\RonSijm.Demo.Blazyload.WeatherLib1.csproj", "{27CB07CD-44C2-46DC-B54A-FC354BD3EB13}"
EndProject
Project("{9A19103F-16F7-4668-BE54-9A1E7A4F7556}") = "RonSijm.Demo.Blazyload.WeatherLib2", "Examples\RonSijm.Demo.Blazyload.WeatherLib2\RonSijm.Demo.Blazyload.WeatherLib2.csproj", "{CE3D0B46-30DD-4EC7-8468-90462E6D3079}"
EndProject
Project("{9A19103F-16F7-4668-BE54-9A1E7A4F7556}") = "RonSijm.Demo.Blazyload.WeatherLib3", "Examples\RonSijm.Demo.Blazyload.WeatherLib3\RonSijm.Demo.Blazyload.WeatherLib3.csproj", "{D166A80C-3437-4514-900A-EA1D698CFCBE}"
EndProject
Project("{2150E333-8FDC-42A3-9474-1A3956D46DE8}") = "Cascase", "Cascase", "{35E5361F-00F9-4CA0-8D53-F1278010F3AE}"
EndProject
Project("{9A19103F-16F7-4668-BE54-9A1E7A4F7556}") = "RonSijm.Demo.Blazyload.WeatherLib4.Page", "Examples\Cascade\RonSijm.Demo.Blazyload.WeatherLib4.Page\RonSijm.Demo.Blazyload.WeatherLib4.Page.csproj", "{49D1022F-37F1-4230-A1FC-C5A0532D442C}"
EndProject
Project("{9A19103F-16F7-4668-BE54-9A1E7A4F7556}") = "RonSijm.Demo.Blazyload.WeatherLib4.Component", "Examples\Cascade\RonSijm.Demo.Blazyload.WeatherLib4.Component\RonSijm.Demo.Blazyload.WeatherLib4.Component.csproj", "{1720A52C-6A7F-49F1-9595-61F050CC1AB9}"
EndProject
Project("{2150E333-8FDC-42A3-9474-1A3956D46DE8}") = "Common", "Common", "{FA36C97D-1EA6-4648-9BDA-79453F032DB4}"
EndProject
Project("{2150E333-8FDC-42A3-9474-1A3956D46DE8}") = "Optional", "Optional", "{37BE4301-22F2-4C22-B36C-EFF2F23B7FC3}"
EndProject
Project("{9A19103F-16F7-4668-BE54-9A1E7A4F7556}") = "RonSijm.Demo.Blazyload.WeatherLibOptionalNull", "Examples\Optional\RonSijm.Demo.Blazyload.WeatherLibOptionalNull\RonSijm.Demo.Blazyload.WeatherLibOptionalNull.csproj", "{1C505122-9CD9-4227-9168-BE1AB23B285A}"
EndProject
Project("{9A19103F-16F7-4668-BE54-9A1E7A4F7556}") = "RonSijm.Demo.Blazyload.WeatherLibOptionalNotNull", "Examples\Optional\RonSijm.Demo.Blazyload.WeatherLibOptionalNotNull\RonSijm.Demo.Blazyload.WeatherLibOptionalNotNull.csproj", "{42BB3515-44AE-4229-B46C-3696F54642AB}"
EndProject
Project("{9A19103F-16F7-4668-BE54-9A1E7A4F7556}") = "RonSijm.Demo.Blazyload.Host", "Examples\RonSijm.Demo.Blazyload.Host\RonSijm.Demo.Blazyload.Host.csproj", "{F250D926-3859-4CFD-94C7-F7D66DEFCB88}"
EndProject
Project("{2150E333-8FDC-42A3-9474-1A3956D46DE8}") = "CustomPathing", "CustomPathing", "{3DD6A980-A713-4811-BB9A-E64E3C8F0327}"
EndProject
Project("{9A19103F-16F7-4668-BE54-9A1E7A4F7556}") = "RonSijm.Demo.Blazyload.CustomPathing.Host", "Examples\CustomPathing\RonSijm.Demo.Blazyload.CustomPathing.Host\RonSijm.Demo.Blazyload.CustomPathing.Host.csproj", "{CBDE48B3-CB56-42C1-869A-115109AC508F}"
EndProject
Project("{2150E333-8FDC-42A3-9474-1A3956D46DE8}") = "Basic", "Basic", "{82F74E52-8C18-4235-A492-DDE7D47BF530}"
EndProject
Project("{2150E333-8FDC-42A3-9474-1A3956D46DE8}") = "BlazyLoad", "BlazyLoad", "{49398022-425A-447E-AAB9-D849DB1394F0}"
EndProject
Project("{2150E333-8FDC-42A3-9474-1A3956D46DE8}") = "Syringe", "Syringe", "{02EA681E-C7D8-13C7-8484-4AC65E1B71E8}"
EndProject
Project("{FAE04EC0-301F-11D3-BF4B-00C04F79EFBC}") = "RonSijm.Syringe", "..\RonSijm.Syringe\src\Main\RonSijm.Syringe\RonSijm.Syringe.csproj", "{618472CE-20F4-70F2-E275-3A6F7E9C8848}"
EndProject
Project("{FAE04EC0-301F-11D3-BF4B-00C04F79EFBC}") = "RonSijm.Syringe.Lib", "..\RonSijm.Syringe\src\Main\RonSijm.Syringe.Lib\RonSijm.Syringe.Lib.csproj", "{D677C284-7943-E0F0-6825-ABC33820F04D}"
EndProject
Project("{FAE04EC0-301F-11D3-BF4B-00C04F79EFBC}") = "RonSijm.Syringe.ExamplesA", "..\RonSijm.Syringe\src\Examples\RonSijm.Syringe.ExamplesA\RonSijm.Syringe.ExamplesA.csproj", "{6F4EBF3E-27C1-0EA6-24B6-FF8926A18B0B}"
EndProject
Project("{FAE04EC0-301F-11D3-BF4B-00C04F79EFBC}") = "RonSijm.Syringe.ExamplesB", "..\RonSijm.Syringe\src\Examples\RonSijm.Syringe.ExamplesB\RonSijm.Syringe.ExamplesB.csproj", "{911A3FAA-DB94-E6BF-C1F7-315335E1B0AC}"
EndProject
Project("{FAE04EC0-301F-11D3-BF4B-00C04F79EFBC}") = "RonSijm.Syringe.ExamplesC", "..\RonSijm.Syringe\src\Examples\RonSijm.Syringe.ExamplesC\RonSijm.Syringe.ExamplesC.csproj", "{C1007E01-A1B6-B736-65F8-47813EFBCED9}"
EndProject
Project("{FAE04EC0-301F-11D3-BF4B-00C04F79EFBC}") = "MicrosoftCopy.DependencyInjection.Tests", "..\RonSijm.Syringe\src\Tests\DI.Tests\MicrosoftCopy.DependencyInjection.Tests.csproj", "{8AE9C09A-7F16-1D6D-B654-60B57E36C869}"
EndProject
Project("{FAE04EC0-301F-11D3-BF4B-00C04F79EFBC}") = "RonSijm.Syringe.Tests", "..\RonSijm.Syringe\src\Tests\RonSijm.Syringe.Tests\RonSijm.Syringe.Tests.csproj", "{9CB504F0-EB07-4A69-AC63-C80485DCC5F9}"
EndProject
Project("{2150E333-8FDC-42A3-9474-1A3956D46DE8}") = "Fluxor", "Fluxor", "{E0B96667-EE8A-4D55-A6A9-91BF14F5EAE6}"
EndProject
Project("{FAE04EC0-301F-11D3-BF4B-00C04F79EFBC}") = "RonSijm.FluxorDemo.Blazyload.WeatherLib1", "Examples\Fluxor\RonSijm.FluxorDemo.Blazyload.WeatherLib1\RonSijm.FluxorDemo.Blazyload.WeatherLib1.csproj", "{9A3EEAD8-9EC6-B365-9A35-50825915CA67}"
EndProject
Project("{FAE04EC0-301F-11D3-BF4B-00C04F79EFBC}") = "RonSijm.FluxorDemo.Blazyload.WeatherLib4.Page", "Examples\Fluxor\RonSijm.FluxorDemo.Blazyload.WeatherLib4.Page\RonSijm.FluxorDemo.Blazyload.WeatherLib4.Page.csproj", "{41CF2E90-2D3C-E4C6-D5D9-04D942EBA865}"
EndProject
Project("{FAE04EC0-301F-11D3-BF4B-00C04F79EFBC}") = "RonSijm.FluxorDemo.Blazyload.WeatherLib4.Component", "Examples\Fluxor\RonSijm.FluxorDemo.Blazyload.WeatherLib4.Component\RonSijm.FluxorDemo.Blazyload.WeatherLib4.Component.csproj", "{23D1C9F6-DBDB-5101-5735-59F447895894}"
EndProject
Project("{2150E333-8FDC-42A3-9474-1A3956D46DE8}") = "Fluxor", "Fluxor", "{52ADB2E9-59F1-4DF4-860E-EB87557AB561}"
EndProject
Project("{FAE04EC0-301F-11D3-BF4B-00C04F79EFBC}") = "Fluxor", "..\..\Libraries\Fluxor\Source\Lib\Fluxor\Fluxor.csproj", "{A8AB6F18-5982-B368-8ADE-16B742C83C30}"
EndProject
Project("{FAE04EC0-301F-11D3-BF4B-00C04F79EFBC}") = "Fluxor.Blazor.Web", "..\..\Libraries\Fluxor\Source\Lib\Fluxor.Blazor.Web\Fluxor.Blazor.Web.csproj", "{B68F7A0A-1C0F-0FBF-4A5F-87D12FF6F110}"
EndProject
Project("{FAE04EC0-301F-11D3-BF4B-00C04F79EFBC}") = "Fluxor.Blazor.Web.ReduxDevTools", "..\..\Libraries\Fluxor\Source\Lib\Fluxor.Blazor.Web.ReduxDevTools\Fluxor.Blazor.Web.ReduxDevTools.csproj", "{253671C5-7D17-0EAF-D1A7-4FEBDDA7BD9A}"
EndProject
Project("{FAE04EC0-301F-11D3-BF4B-00C04F79EFBC}") = "RonSijm.Syringe.Fluxor", "..\RonSijm.Syringe\src\Main\RonSijm.Syringe.Fluxor\RonSijm.Syringe.Fluxor.csproj", "{7A68F20A-8E50-6659-C523-C26435637364}"
EndProject
Project("{2150E333-8FDC-42A3-9474-1A3956D46DE8}") = "Fluxor", "Fluxor", "{4E1F710D-A01E-4C7B-A8CF-2A8312E4E521}"
EndProject
Project("{FAE04EC0-301F-11D3-BF4B-00C04F79EFBC}") = "RonSijm.Syringe.Fluxor.Tests", "..\RonSijm.Syringe\src\Tests\RonSijm.Syringe.Fluxor.Tests\RonSijm.Syringe.Fluxor.Tests.csproj", "{2BC1C906-A494-8F8C-0355-E2F55A025519}"
EndProject
Project("{2150E333-8FDC-42A3-9474-1A3956D46DE8}") = "Core", "Core", "{11284725-9370-479C-9595-24F47051B0B7}"
EndProject
Project("{2150E333-8FDC-42A3-9474-1A3956D46DE8}") = "Examples", "Examples", "{00C2F5B3-E731-4E4C-B323-90FD86CE5890}"
EndProject
Project("{2150E333-8FDC-42A3-9474-1A3956D46DE8}") = "Tests", "Tests", "{EF299C30-5DBB-4321-A846-24ADF401A04A}"
EndProject
Project("{FAE04EC0-301F-11D3-BF4B-00C04F79EFBC}") = "RonSijm.Blazyload.Hosting", "src\RonSijm.Blazyload.Hosting\RonSijm.Blazyload.Hosting.csproj", "{86AC270E-FF34-4402-BE19-883ED9715E4B}"
EndProject
Project("{2150E333-8FDC-42A3-9474-1A3956D46DE8}") = "RonSijm.Fluxor", "RonSijm.Fluxor", "{4458B8BA-EF15-4FE8-ACEF-6EFE32E2D9D3}"
EndProject
Project("{FAE04EC0-301F-11D3-BF4B-00C04F79EFBC}") = "RonSijm.Syringe.Fluxor.Lib", "..\RonSijm.Syringe\src\Main\RonSijm.Syringe.Fluxor.Lib\RonSijm.Syringe.Fluxor.Lib.csproj", "{1DA9EAAE-ED79-5877-377D-483E7D3F5553}"
EndProject
Project("{FAE04EC0-301F-11D3-BF4B-00C04F79EFBC}") = "RonSijm.FluxorDemo.Tests", "Tests\RonSijm.FluxorDemo.Tests\RonSijm.FluxorDemo.Tests.csproj", "{D33F676D-FC15-4704-9855-7AF4AE67CF90}"
EndProject
Project("{FAE04EC0-301F-11D3-BF4B-00C04F79EFBC}") = "RonSijm.FluxorDemo.Blazyload.ServerHost", "Examples\Fluxor\RonSijm.FluxorDemo.Blazyload.ServerHost\RonSijm.FluxorDemo.Blazyload.ServerHost.csproj", "{9A798ED3-6DFE-394F-4D39-9B116767EA9D}"
EndProject
Project("{FAE04EC0-301F-11D3-BF4B-00C04F79EFBC}") = "RonSijm.FluxorDemo.Blazyload.WASMHost", "Examples\Fluxor\RonSijm.FluxorDemo.Blazyload.WASMHost\RonSijm.FluxorDemo.Blazyload.WASMHost.csproj", "{667F3311-98CA-220A-6C58-143E62487413}"
EndProject
Project("{FAE04EC0-301F-11D3-BF4B-00C04F79EFBC}") = "RonSijm.FluxorDemo.Blazyload.HostLib", "Examples\Fluxor\RonSijm.FluxorDemo.Blazyload.HostLib\RonSijm.FluxorDemo.Blazyload.HostLib.csproj", "{57F3026C-F5F7-6191-A8B1-45959D0AC89F}"
EndProject
Project("{FAE04EC0-301F-11D3-BF4B-00C04F79EFBC}") = "RonSijm.Blazyload.Fluxor", "src\RonSijm.Blazyload.Fluxor\RonSijm.Blazyload.Fluxor.csproj", "{FE83E9B7-0C8C-E202-F835-73A50475A5A9}"
EndProject
Project("{FAE04EC0-301F-11D3-BF4B-00C04F79EFBC}") = "RonSijm.Syringe.Tests.TestObjects", "..\RonSijm.Syringe\src\Tests\RonSijm.Syringe.Tests.TestObjects\RonSijm.Syringe.Tests.TestObjects.csproj", "{7425F05B-1E41-C9EF-52D6-03FAB4524B84}"
EndProject
Project("{FAE04EC0-301F-11D3-BF4B-00C04F79EFBC}") = "RonSijm.Fluxor.Blazor.Web.Extensions", "..\RonSijm.FuxorExtensions\src\RonSijm.Fluxor.Blazor.Web.Extensions\RonSijm.Fluxor.Blazor.Web.Extensions.csproj", "{34935D1B-21CA-5198-8D3C-50C5353C98D3}"
EndProject
Project("{FAE04EC0-301F-11D3-BF4B-00C04F79EFBC}") = "RonSijm.Fluxor.Extensions", "..\RonSijm.FuxorExtensions\src\RonSijm.Fluxor.Extensions\RonSijm.Fluxor.Extensions.csproj", "{C4D573DC-96C0-72C5-DA01-BBE9A2B7D3C7}"
EndProject
Project("{FAE04EC0-301F-11D3-BF4B-00C04F79EFBC}") = "Fluxor.Blazor.Web.Analyzers", "..\..\Libraries\Fluxor\Source\Lib\Fluxor.Blazor.Web.Analyzers\Fluxor.Blazor.Web.Analyzers.csproj", "{A0930B15-C3F5-197B-1365-AFC6CB4A458D}"
EndProject
Project("{FAE04EC0-301F-11D3-BF4B-00C04F79EFBC}") = "RonSijm.Blazyload.Tests", "Tests\RonSijm.Blazyload.Tests\RonSijm.Blazyload.Tests.csproj", "{4D7ABD3B-5DF9-0868-6C78-EDAF8624FFC8}"
EndProject
Project("{FAE04EC0-301F-11D3-BF4B-00C04F79EFBC}") = "RonSijm.Blazyload.IntegrationTests", "Tests\RonSijm.Blazyload.IntegrationTests\RonSijm.Blazyload.IntegrationTests.csproj", "{4EA3358B-313F-DC00-8B65-96695990244E}"
EndProject
Global
	GlobalSection(SolutionConfigurationPlatforms) = preSolution
		Debug|Any CPU = Debug|Any CPU
		Release|Any CPU = Release|Any CPU
	EndGlobalSection
	GlobalSection(ProjectConfigurationPlatforms) = postSolution
		{A4A2E154-DE8E-4302-95C5-DDE2510DB53A}.Debug|Any CPU.ActiveCfg = Debug|Any CPU
		{A4A2E154-DE8E-4302-95C5-DDE2510DB53A}.Debug|Any CPU.Build.0 = Debug|Any CPU
		{A4A2E154-DE8E-4302-95C5-DDE2510DB53A}.Release|Any CPU.ActiveCfg = Release|Any CPU
		{A4A2E154-DE8E-4302-95C5-DDE2510DB53A}.Release|Any CPU.Build.0 = Release|Any CPU
		{27CB07CD-44C2-46DC-B54A-FC354BD3EB13}.Debug|Any CPU.ActiveCfg = Debug|Any CPU
		{27CB07CD-44C2-46DC-B54A-FC354BD3EB13}.Debug|Any CPU.Build.0 = Debug|Any CPU
		{27CB07CD-44C2-46DC-B54A-FC354BD3EB13}.Release|Any CPU.ActiveCfg = Release|Any CPU
		{27CB07CD-44C2-46DC-B54A-FC354BD3EB13}.Release|Any CPU.Build.0 = Release|Any CPU
		{CE3D0B46-30DD-4EC7-8468-90462E6D3079}.Debug|Any CPU.ActiveCfg = Debug|Any CPU
		{CE3D0B46-30DD-4EC7-8468-90462E6D3079}.Debug|Any CPU.Build.0 = Debug|Any CPU
		{CE3D0B46-30DD-4EC7-8468-90462E6D3079}.Release|Any CPU.ActiveCfg = Release|Any CPU
		{CE3D0B46-30DD-4EC7-8468-90462E6D3079}.Release|Any CPU.Build.0 = Release|Any CPU
		{D166A80C-3437-4514-900A-EA1D698CFCBE}.Debug|Any CPU.ActiveCfg = Debug|Any CPU
		{D166A80C-3437-4514-900A-EA1D698CFCBE}.Debug|Any CPU.Build.0 = Debug|Any CPU
		{D166A80C-3437-4514-900A-EA1D698CFCBE}.Release|Any CPU.ActiveCfg = Release|Any CPU
		{D166A80C-3437-4514-900A-EA1D698CFCBE}.Release|Any CPU.Build.0 = Release|Any CPU
		{49D1022F-37F1-4230-A1FC-C5A0532D442C}.Debug|Any CPU.ActiveCfg = Debug|Any CPU
		{49D1022F-37F1-4230-A1FC-C5A0532D442C}.Debug|Any CPU.Build.0 = Debug|Any CPU
		{49D1022F-37F1-4230-A1FC-C5A0532D442C}.Release|Any CPU.ActiveCfg = Release|Any CPU
		{49D1022F-37F1-4230-A1FC-C5A0532D442C}.Release|Any CPU.Build.0 = Release|Any CPU
		{1720A52C-6A7F-49F1-9595-61F050CC1AB9}.Debug|Any CPU.ActiveCfg = Debug|Any CPU
		{1720A52C-6A7F-49F1-9595-61F050CC1AB9}.Debug|Any CPU.Build.0 = Debug|Any CPU
		{1720A52C-6A7F-49F1-9595-61F050CC1AB9}.Release|Any CPU.ActiveCfg = Release|Any CPU
		{1720A52C-6A7F-49F1-9595-61F050CC1AB9}.Release|Any CPU.Build.0 = Release|Any CPU
		{1C505122-9CD9-4227-9168-BE1AB23B285A}.Debug|Any CPU.ActiveCfg = Debug|Any CPU
		{1C505122-9CD9-4227-9168-BE1AB23B285A}.Debug|Any CPU.Build.0 = Debug|Any CPU
		{1C505122-9CD9-4227-9168-BE1AB23B285A}.Release|Any CPU.ActiveCfg = Release|Any CPU
		{1C505122-9CD9-4227-9168-BE1AB23B285A}.Release|Any CPU.Build.0 = Release|Any CPU
		{42BB3515-44AE-4229-B46C-3696F54642AB}.Debug|Any CPU.ActiveCfg = Debug|Any CPU
		{42BB3515-44AE-4229-B46C-3696F54642AB}.Debug|Any CPU.Build.0 = Debug|Any CPU
		{42BB3515-44AE-4229-B46C-3696F54642AB}.Release|Any CPU.ActiveCfg = Release|Any CPU
		{42BB3515-44AE-4229-B46C-3696F54642AB}.Release|Any CPU.Build.0 = Release|Any CPU
		{F250D926-3859-4CFD-94C7-F7D66DEFCB88}.Debug|Any CPU.ActiveCfg = Debug|Any CPU
		{F250D926-3859-4CFD-94C7-F7D66DEFCB88}.Debug|Any CPU.Build.0 = Debug|Any CPU
		{F250D926-3859-4CFD-94C7-F7D66DEFCB88}.Release|Any CPU.ActiveCfg = Release|Any CPU
		{F250D926-3859-4CFD-94C7-F7D66DEFCB88}.Release|Any CPU.Build.0 = Release|Any CPU
		{CBDE48B3-CB56-42C1-869A-115109AC508F}.Debug|Any CPU.ActiveCfg = Debug|Any CPU
		{CBDE48B3-CB56-42C1-869A-115109AC508F}.Debug|Any CPU.Build.0 = Debug|Any CPU
		{CBDE48B3-CB56-42C1-869A-115109AC508F}.Release|Any CPU.ActiveCfg = Release|Any CPU
		{CBDE48B3-CB56-42C1-869A-115109AC508F}.Release|Any CPU.Build.0 = Release|Any CPU
		{618472CE-20F4-70F2-E275-3A6F7E9C8848}.Debug|Any CPU.ActiveCfg = Debug|Any CPU
		{618472CE-20F4-70F2-E275-3A6F7E9C8848}.Debug|Any CPU.Build.0 = Debug|Any CPU
		{618472CE-20F4-70F2-E275-3A6F7E9C8848}.Release|Any CPU.ActiveCfg = Release|Any CPU
		{618472CE-20F4-70F2-E275-3A6F7E9C8848}.Release|Any CPU.Build.0 = Release|Any CPU
		{D677C284-7943-E0F0-6825-ABC33820F04D}.Debug|Any CPU.ActiveCfg = Debug|Any CPU
		{D677C284-7943-E0F0-6825-ABC33820F04D}.Debug|Any CPU.Build.0 = Debug|Any CPU
		{D677C284-7943-E0F0-6825-ABC33820F04D}.Release|Any CPU.ActiveCfg = Release|Any CPU
		{D677C284-7943-E0F0-6825-ABC33820F04D}.Release|Any CPU.Build.0 = Release|Any CPU
		{6F4EBF3E-27C1-0EA6-24B6-FF8926A18B0B}.Debug|Any CPU.ActiveCfg = Debug|Any CPU
		{6F4EBF3E-27C1-0EA6-24B6-FF8926A18B0B}.Debug|Any CPU.Build.0 = Debug|Any CPU
		{6F4EBF3E-27C1-0EA6-24B6-FF8926A18B0B}.Release|Any CPU.ActiveCfg = Release|Any CPU
		{6F4EBF3E-27C1-0EA6-24B6-FF8926A18B0B}.Release|Any CPU.Build.0 = Release|Any CPU
		{911A3FAA-DB94-E6BF-C1F7-315335E1B0AC}.Debug|Any CPU.ActiveCfg = Debug|Any CPU
		{911A3FAA-DB94-E6BF-C1F7-315335E1B0AC}.Debug|Any CPU.Build.0 = Debug|Any CPU
		{911A3FAA-DB94-E6BF-C1F7-315335E1B0AC}.Release|Any CPU.ActiveCfg = Release|Any CPU
		{911A3FAA-DB94-E6BF-C1F7-315335E1B0AC}.Release|Any CPU.Build.0 = Release|Any CPU
		{C1007E01-A1B6-B736-65F8-47813EFBCED9}.Debug|Any CPU.ActiveCfg = Debug|Any CPU
		{C1007E01-A1B6-B736-65F8-47813EFBCED9}.Debug|Any CPU.Build.0 = Debug|Any CPU
		{C1007E01-A1B6-B736-65F8-47813EFBCED9}.Release|Any CPU.ActiveCfg = Release|Any CPU
		{C1007E01-A1B6-B736-65F8-47813EFBCED9}.Release|Any CPU.Build.0 = Release|Any CPU
		{8AE9C09A-7F16-1D6D-B654-60B57E36C869}.Debug|Any CPU.ActiveCfg = Debug|Any CPU
		{8AE9C09A-7F16-1D6D-B654-60B57E36C869}.Debug|Any CPU.Build.0 = Debug|Any CPU
		{8AE9C09A-7F16-1D6D-B654-60B57E36C869}.Release|Any CPU.ActiveCfg = Release|Any CPU
		{8AE9C09A-7F16-1D6D-B654-60B57E36C869}.Release|Any CPU.Build.0 = Release|Any CPU
		{9CB504F0-EB07-4A69-AC63-C80485DCC5F9}.Debug|Any CPU.ActiveCfg = Debug|Any CPU
		{9CB504F0-EB07-4A69-AC63-C80485DCC5F9}.Debug|Any CPU.Build.0 = Debug|Any CPU
		{9CB504F0-EB07-4A69-AC63-C80485DCC5F9}.Release|Any CPU.ActiveCfg = Release|Any CPU
		{9CB504F0-EB07-4A69-AC63-C80485DCC5F9}.Release|Any CPU.Build.0 = Release|Any CPU
		{9A3EEAD8-9EC6-B365-9A35-50825915CA67}.Debug|Any CPU.ActiveCfg = Debug|Any CPU
		{9A3EEAD8-9EC6-B365-9A35-50825915CA67}.Debug|Any CPU.Build.0 = Debug|Any CPU
		{9A3EEAD8-9EC6-B365-9A35-50825915CA67}.Release|Any CPU.ActiveCfg = Release|Any CPU
		{9A3EEAD8-9EC6-B365-9A35-50825915CA67}.Release|Any CPU.Build.0 = Release|Any CPU
		{41CF2E90-2D3C-E4C6-D5D9-04D942EBA865}.Debug|Any CPU.ActiveCfg = Debug|Any CPU
		{41CF2E90-2D3C-E4C6-D5D9-04D942EBA865}.Debug|Any CPU.Build.0 = Debug|Any CPU
		{41CF2E90-2D3C-E4C6-D5D9-04D942EBA865}.Release|Any CPU.ActiveCfg = Release|Any CPU
		{41CF2E90-2D3C-E4C6-D5D9-04D942EBA865}.Release|Any CPU.Build.0 = Release|Any CPU
		{23D1C9F6-DBDB-5101-5735-59F447895894}.Debug|Any CPU.ActiveCfg = Debug|Any CPU
		{23D1C9F6-DBDB-5101-5735-59F447895894}.Debug|Any CPU.Build.0 = Debug|Any CPU
		{23D1C9F6-DBDB-5101-5735-59F447895894}.Release|Any CPU.ActiveCfg = Release|Any CPU
		{23D1C9F6-DBDB-5101-5735-59F447895894}.Release|Any CPU.Build.0 = Release|Any CPU
		{A8AB6F18-5982-B368-8ADE-16B742C83C30}.Debug|Any CPU.ActiveCfg = Debug|Any CPU
		{A8AB6F18-5982-B368-8ADE-16B742C83C30}.Debug|Any CPU.Build.0 = Debug|Any CPU
		{A8AB6F18-5982-B368-8ADE-16B742C83C30}.Release|Any CPU.ActiveCfg = Release|Any CPU
		{A8AB6F18-5982-B368-8ADE-16B742C83C30}.Release|Any CPU.Build.0 = Release|Any CPU
		{B68F7A0A-1C0F-0FBF-4A5F-87D12FF6F110}.Debug|Any CPU.ActiveCfg = Debug|Any CPU
		{B68F7A0A-1C0F-0FBF-4A5F-87D12FF6F110}.Debug|Any CPU.Build.0 = Debug|Any CPU
		{B68F7A0A-1C0F-0FBF-4A5F-87D12FF6F110}.Release|Any CPU.ActiveCfg = Release|Any CPU
		{B68F7A0A-1C0F-0FBF-4A5F-87D12FF6F110}.Release|Any CPU.Build.0 = Release|Any CPU
		{253671C5-7D17-0EAF-D1A7-4FEBDDA7BD9A}.Debug|Any CPU.ActiveCfg = Debug|Any CPU
		{253671C5-7D17-0EAF-D1A7-4FEBDDA7BD9A}.Debug|Any CPU.Build.0 = Debug|Any CPU
		{253671C5-7D17-0EAF-D1A7-4FEBDDA7BD9A}.Release|Any CPU.ActiveCfg = Release|Any CPU
		{253671C5-7D17-0EAF-D1A7-4FEBDDA7BD9A}.Release|Any CPU.Build.0 = Release|Any CPU
		{7A68F20A-8E50-6659-C523-C26435637364}.Debug|Any CPU.ActiveCfg = Debug|Any CPU
		{7A68F20A-8E50-6659-C523-C26435637364}.Debug|Any CPU.Build.0 = Debug|Any CPU
		{7A68F20A-8E50-6659-C523-C26435637364}.Release|Any CPU.ActiveCfg = Release|Any CPU
		{7A68F20A-8E50-6659-C523-C26435637364}.Release|Any CPU.Build.0 = Release|Any CPU
		{2BC1C906-A494-8F8C-0355-E2F55A025519}.Debug|Any CPU.ActiveCfg = Debug|Any CPU
		{2BC1C906-A494-8F8C-0355-E2F55A025519}.Debug|Any CPU.Build.0 = Debug|Any CPU
		{2BC1C906-A494-8F8C-0355-E2F55A025519}.Release|Any CPU.ActiveCfg = Release|Any CPU
		{2BC1C906-A494-8F8C-0355-E2F55A025519}.Release|Any CPU.Build.0 = Release|Any CPU
		{86AC270E-FF34-4402-BE19-883ED9715E4B}.Debug|Any CPU.ActiveCfg = Debug|Any CPU
		{86AC270E-FF34-4402-BE19-883ED9715E4B}.Debug|Any CPU.Build.0 = Debug|Any CPU
		{86AC270E-FF34-4402-BE19-883ED9715E4B}.Release|Any CPU.ActiveCfg = Release|Any CPU
		{86AC270E-FF34-4402-BE19-883ED9715E4B}.Release|Any CPU.Build.0 = Release|Any CPU
		{1DA9EAAE-ED79-5877-377D-483E7D3F5553}.Debug|Any CPU.ActiveCfg = Debug|Any CPU
		{1DA9EAAE-ED79-5877-377D-483E7D3F5553}.Debug|Any CPU.Build.0 = Debug|Any CPU
		{1DA9EAAE-ED79-5877-377D-483E7D3F5553}.Release|Any CPU.ActiveCfg = Release|Any CPU
		{1DA9EAAE-ED79-5877-377D-483E7D3F5553}.Release|Any CPU.Build.0 = Release|Any CPU
		{D33F676D-FC15-4704-9855-7AF4AE67CF90}.Debug|Any CPU.ActiveCfg = Debug|Any CPU
		{D33F676D-FC15-4704-9855-7AF4AE67CF90}.Debug|Any CPU.Build.0 = Debug|Any CPU
		{D33F676D-FC15-4704-9855-7AF4AE67CF90}.Release|Any CPU.ActiveCfg = Release|Any CPU
		{D33F676D-FC15-4704-9855-7AF4AE67CF90}.Release|Any CPU.Build.0 = Release|Any CPU
		{9A798ED3-6DFE-394F-4D39-9B116767EA9D}.Debug|Any CPU.ActiveCfg = Debug|Any CPU
		{9A798ED3-6DFE-394F-4D39-9B116767EA9D}.Debug|Any CPU.Build.0 = Debug|Any CPU
		{9A798ED3-6DFE-394F-4D39-9B116767EA9D}.Release|Any CPU.ActiveCfg = Release|Any CPU
		{9A798ED3-6DFE-394F-4D39-9B116767EA9D}.Release|Any CPU.Build.0 = Release|Any CPU
		{667F3311-98CA-220A-6C58-143E62487413}.Debug|Any CPU.ActiveCfg = Debug|Any CPU
		{667F3311-98CA-220A-6C58-143E62487413}.Debug|Any CPU.Build.0 = Debug|Any CPU
		{667F3311-98CA-220A-6C58-143E62487413}.Release|Any CPU.ActiveCfg = Release|Any CPU
		{667F3311-98CA-220A-6C58-143E62487413}.Release|Any CPU.Build.0 = Release|Any CPU
		{57F3026C-F5F7-6191-A8B1-45959D0AC89F}.Debug|Any CPU.ActiveCfg = Debug|Any CPU
		{57F3026C-F5F7-6191-A8B1-45959D0AC89F}.Debug|Any CPU.Build.0 = Debug|Any CPU
		{57F3026C-F5F7-6191-A8B1-45959D0AC89F}.Release|Any CPU.ActiveCfg = Release|Any CPU
		{57F3026C-F5F7-6191-A8B1-45959D0AC89F}.Release|Any CPU.Build.0 = Release|Any CPU
		{FE83E9B7-0C8C-E202-F835-73A50475A5A9}.Debug|Any CPU.ActiveCfg = Debug|Any CPU
		{FE83E9B7-0C8C-E202-F835-73A50475A5A9}.Debug|Any CPU.Build.0 = Debug|Any CPU
		{FE83E9B7-0C8C-E202-F835-73A50475A5A9}.Release|Any CPU.ActiveCfg = Release|Any CPU
		{FE83E9B7-0C8C-E202-F835-73A50475A5A9}.Release|Any CPU.Build.0 = Release|Any CPU
		{7425F05B-1E41-C9EF-52D6-03FAB4524B84}.Debug|Any CPU.ActiveCfg = Debug|Any CPU
		{7425F05B-1E41-C9EF-52D6-03FAB4524B84}.Debug|Any CPU.Build.0 = Debug|Any CPU
		{7425F05B-1E41-C9EF-52D6-03FAB4524B84}.Release|Any CPU.ActiveCfg = Release|Any CPU
		{7425F05B-1E41-C9EF-52D6-03FAB4524B84}.Release|Any CPU.Build.0 = Release|Any CPU
		{34935D1B-21CA-5198-8D3C-50C5353C98D3}.Debug|Any CPU.ActiveCfg = Debug|Any CPU
		{34935D1B-21CA-5198-8D3C-50C5353C98D3}.Debug|Any CPU.Build.0 = Debug|Any CPU
		{34935D1B-21CA-5198-8D3C-50C5353C98D3}.Release|Any CPU.ActiveCfg = Release|Any CPU
		{34935D1B-21CA-5198-8D3C-50C5353C98D3}.Release|Any CPU.Build.0 = Release|Any CPU
		{C4D573DC-96C0-72C5-DA01-BBE9A2B7D3C7}.Debug|Any CPU.ActiveCfg = Debug|Any CPU
		{C4D573DC-96C0-72C5-DA01-BBE9A2B7D3C7}.Debug|Any CPU.Build.0 = Debug|Any CPU
		{C4D573DC-96C0-72C5-DA01-BBE9A2B7D3C7}.Release|Any CPU.ActiveCfg = Release|Any CPU
		{C4D573DC-96C0-72C5-DA01-BBE9A2B7D3C7}.Release|Any CPU.Build.0 = Release|Any CPU
		{A0930B15-C3F5-197B-1365-AFC6CB4A458D}.Debug|Any CPU.ActiveCfg = Debug|Any CPU
		{A0930B15-C3F5-197B-1365-AFC6CB4A458D}.Debug|Any CPU.Build.0 = Debug|Any CPU
		{A0930B15-C3F5-197B-1365-AFC6CB4A458D}.Release|Any CPU.ActiveCfg = Release|Any CPU
		{A0930B15-C3F5-197B-1365-AFC6CB4A458D}.Release|Any CPU.Build.0 = Release|Any CPU
		{4D7ABD3B-5DF9-0868-6C78-EDAF8624FFC8}.Debug|Any CPU.ActiveCfg = Debug|Any CPU
		{4D7ABD3B-5DF9-0868-6C78-EDAF8624FFC8}.Debug|Any CPU.Build.0 = Debug|Any CPU
		{4D7ABD3B-5DF9-0868-6C78-EDAF8624FFC8}.Release|Any CPU.ActiveCfg = Release|Any CPU
		{4D7ABD3B-5DF9-0868-6C78-EDAF8624FFC8}.Release|Any CPU.Build.0 = Release|Any CPU
		{4EA3358B-313F-DC00-8B65-96695990244E}.Debug|Any CPU.ActiveCfg = Debug|Any CPU
		{4EA3358B-313F-DC00-8B65-96695990244E}.Debug|Any CPU.Build.0 = Debug|Any CPU
		{4EA3358B-313F-DC00-8B65-96695990244E}.Release|Any CPU.ActiveCfg = Release|Any CPU
		{4EA3358B-313F-DC00-8B65-96695990244E}.Release|Any CPU.Build.0 = Release|Any CPU
	EndGlobalSection
	GlobalSection(SolutionProperties) = preSolution
		HideSolutionNode = FALSE
	EndGlobalSection
	GlobalSection(NestedProjects) = preSolution
		{6CA40C0F-7403-483B-973E-AFB6FA50D087} = {49398022-425A-447E-AAB9-D849DB1394F0}
		{A4A2E154-DE8E-4302-95C5-DDE2510DB53A} = {49398022-425A-447E-AAB9-D849DB1394F0}
		{27CB07CD-44C2-46DC-B54A-FC354BD3EB13} = {FA36C97D-1EA6-4648-9BDA-79453F032DB4}
		{CE3D0B46-30DD-4EC7-8468-90462E6D3079} = {FA36C97D-1EA6-4648-9BDA-79453F032DB4}
		{D166A80C-3437-4514-900A-EA1D698CFCBE} = {FA36C97D-1EA6-4648-9BDA-79453F032DB4}
		{35E5361F-00F9-4CA0-8D53-F1278010F3AE} = {82F74E52-8C18-4235-A492-DDE7D47BF530}
		{49D1022F-37F1-4230-A1FC-C5A0532D442C} = {35E5361F-00F9-4CA0-8D53-F1278010F3AE}
		{1720A52C-6A7F-49F1-9595-61F050CC1AB9} = {35E5361F-00F9-4CA0-8D53-F1278010F3AE}
		{FA36C97D-1EA6-4648-9BDA-79453F032DB4} = {82F74E52-8C18-4235-A492-DDE7D47BF530}
		{37BE4301-22F2-4C22-B36C-EFF2F23B7FC3} = {82F74E52-8C18-4235-A492-DDE7D47BF530}
		{1C505122-9CD9-4227-9168-BE1AB23B285A} = {37BE4301-22F2-4C22-B36C-EFF2F23B7FC3}
		{42BB3515-44AE-4229-B46C-3696F54642AB} = {37BE4301-22F2-4C22-B36C-EFF2F23B7FC3}
		{F250D926-3859-4CFD-94C7-F7D66DEFCB88} = {82F74E52-8C18-4235-A492-DDE7D47BF530}
		{3DD6A980-A713-4811-BB9A-E64E3C8F0327} = {6CA40C0F-7403-483B-973E-AFB6FA50D087}
		{CBDE48B3-CB56-42C1-869A-115109AC508F} = {3DD6A980-A713-4811-BB9A-E64E3C8F0327}
		{82F74E52-8C18-4235-A492-DDE7D47BF530} = {6CA40C0F-7403-483B-973E-AFB6FA50D087}
		{618472CE-20F4-70F2-E275-3A6F7E9C8848} = {11284725-9370-479C-9595-24F47051B0B7}
		{D677C284-7943-E0F0-6825-ABC33820F04D} = {11284725-9370-479C-9595-24F47051B0B7}
		{6F4EBF3E-27C1-0EA6-24B6-FF8926A18B0B} = {00C2F5B3-E731-4E4C-B323-90FD86CE5890}
		{911A3FAA-DB94-E6BF-C1F7-315335E1B0AC} = {00C2F5B3-E731-4E4C-B323-90FD86CE5890}
		{C1007E01-A1B6-B736-65F8-47813EFBCED9} = {00C2F5B3-E731-4E4C-B323-90FD86CE5890}
		{8AE9C09A-7F16-1D6D-B654-60B57E36C869} = {EF299C30-5DBB-4321-A846-24ADF401A04A}
		{9CB504F0-EB07-4A69-AC63-C80485DCC5F9} = {EF299C30-5DBB-4321-A846-24ADF401A04A}
		{E0B96667-EE8A-4D55-A6A9-91BF14F5EAE6} = {6CA40C0F-7403-483B-973E-AFB6FA50D087}
		{9A3EEAD8-9EC6-B365-9A35-50825915CA67} = {E0B96667-EE8A-4D55-A6A9-91BF14F5EAE6}
		{41CF2E90-2D3C-E4C6-D5D9-04D942EBA865} = {E0B96667-EE8A-4D55-A6A9-91BF14F5EAE6}
		{23D1C9F6-DBDB-5101-5735-59F447895894} = {E0B96667-EE8A-4D55-A6A9-91BF14F5EAE6}
		{A8AB6F18-5982-B368-8ADE-16B742C83C30} = {52ADB2E9-59F1-4DF4-860E-EB87557AB561}
		{B68F7A0A-1C0F-0FBF-4A5F-87D12FF6F110} = {52ADB2E9-59F1-4DF4-860E-EB87557AB561}
		{253671C5-7D17-0EAF-D1A7-4FEBDDA7BD9A} = {52ADB2E9-59F1-4DF4-860E-EB87557AB561}
		{7A68F20A-8E50-6659-C523-C26435637364} = {4E1F710D-A01E-4C7B-A8CF-2A8312E4E521}
		{4E1F710D-A01E-4C7B-A8CF-2A8312E4E521} = {02EA681E-C7D8-13C7-8484-4AC65E1B71E8}
		{2BC1C906-A494-8F8C-0355-E2F55A025519} = {EF299C30-5DBB-4321-A846-24ADF401A04A}
		{11284725-9370-479C-9595-24F47051B0B7} = {02EA681E-C7D8-13C7-8484-4AC65E1B71E8}
		{00C2F5B3-E731-4E4C-B323-90FD86CE5890} = {02EA681E-C7D8-13C7-8484-4AC65E1B71E8}
		{86AC270E-FF34-4402-BE19-883ED9715E4B} = {49398022-425A-447E-AAB9-D849DB1394F0}
		{1DA9EAAE-ED79-5877-377D-483E7D3F5553} = {4E1F710D-A01E-4C7B-A8CF-2A8312E4E521}
		{D33F676D-FC15-4704-9855-7AF4AE67CF90} = {EF299C30-5DBB-4321-A846-24ADF401A04A}
		{9A798ED3-6DFE-394F-4D39-9B116767EA9D} = {E0B96667-EE8A-4D55-A6A9-91BF14F5EAE6}
		{667F3311-98CA-220A-6C58-143E62487413} = {E0B96667-EE8A-4D55-A6A9-91BF14F5EAE6}
		{57F3026C-F5F7-6191-A8B1-45959D0AC89F} = {E0B96667-EE8A-4D55-A6A9-91BF14F5EAE6}
		{FE83E9B7-0C8C-E202-F835-73A50475A5A9} = {49398022-425A-447E-AAB9-D849DB1394F0}
		{7425F05B-1E41-C9EF-52D6-03FAB4524B84} = {EF299C30-5DBB-4321-A846-24ADF401A04A}
		{34935D1B-21CA-5198-8D3C-50C5353C98D3} = {4458B8BA-EF15-4FE8-ACEF-6EFE32E2D9D3}
		{C4D573DC-96C0-72C5-DA01-BBE9A2B7D3C7} = {4458B8BA-EF15-4FE8-ACEF-6EFE32E2D9D3}
		{A0930B15-C3F5-197B-1365-AFC6CB4A458D} = {52ADB2E9-59F1-4DF4-860E-EB87557AB561}
		{4D7ABD3B-5DF9-0868-6C78-EDAF8624FFC8} = {EF299C30-5DBB-4321-A846-24ADF401A04A}
		{4EA3358B-313F-DC00-8B65-96695990244E} = {EF299C30-5DBB-4321-A846-24ADF401A04A}
	EndGlobalSection
	GlobalSection(ExtensibilityGlobals) = postSolution
		SolutionGuid = {DE662B2C-744A-47C4-A8A4-B6EBFFFCBE9D}
	EndGlobalSection
EndGlobal
